
Microsoft Visual Studio Solution File, Format Version 12.00
# Visual Studio Version 16
VisualStudioVersion = 16.0.30717.126
MinimumVisualStudioVersion = 10.0.40219.1
Project("{FAE04EC0-301F-11D3-BF4B-00C04F79EFBC}") = "ConsoleAppLiveTest", "ConsoleAppLiveTest.csproj", "{8AD70875-EA91-483D-B97B-95DD107DFAAD}"
EndProject
Global
	GlobalSection(SolutionConfigurationPlatforms) = preSolution
		Debug|Any CPU = Debug|Any CPU
		Release|Any CPU = Release|Any CPU
	EndGlobalSection
	GlobalSection(ProjectConfigurationPlatforms) = postSolution
		{8AD70875-EA91-483D-B97B-95DD107DFAAD}.Debug|Any CPU.ActiveCfg = Debug|Any CPU
		{8AD70875-EA91-483D-B97B-95DD107DFAAD}.Debug|Any CPU.Build.0 = Debug|Any CPU
		{8AD70875-EA91-483D-B97B-95DD107DFAAD}.Release|Any CPU.ActiveCfg = Release|Any CPU
		{8AD70875-EA91-483D-B97B-95DD107DFAAD}.Release|Any CPU.Build.0 = Release|Any CPU
	EndGlobalSection
	GlobalSection(SolutionProperties) = preSolution
		HideSolutionNode = FALSE
	EndGlobalSection
	GlobalSection(ExtensibilityGlobals) = postSolution
		SolutionGuid = {7EC28A5E-9527-46B2-B70D-FE1944274802}
	EndGlobalSection
EndGlobal
